{
  "requires": true,
  "lockfileVersion": 1,
  "dependencies": {
    "@agm/core": {
      "version": "1.1.0",
      "resolved": "https://registry.npmjs.org/@agm/core/-/core-1.1.0.tgz",
      "integrity": "sha512-cMvmm3+3/uuVFurLv1FKhE0/6ssIlDvYBjQFCi8ELg7h0OY2MkIU1MXWr7z+f/xZ08E936I4eeddni6k4yUTIA==",
      "requires": {
        "tslib": "^1.9.0"
      }
    },
    "primeicons": {
      "version": "4.1.0",
      "resolved": "https://registry.npmjs.org/primeicons/-/primeicons-4.1.0.tgz",
      "integrity": "sha512-uEv2pSPk1zQCfaB2VgnUfnUxxlGryYi+5rbdxmZBBt5v9S/pscIQYS5YDLxsQZ7D9jn5c76+Tx5wX/2J1nK6sA=="
    },
    "primeng": {
      "version": "11.2.1",
      "resolved": "https://registry.npmjs.org/primeng/-/primeng-11.2.1.tgz",
      "integrity": "sha512-3cqM9HBSuGSMcZC+IppL5bvIzNLjcieEU6DDs4zJa2Es9wudQEGcTzxMx89ba0zSM0/CO7w0+xJ1DsZ37zWOIQ==",
      "requires": {
        "tslib": "^2.0.0"
      },
      "dependencies": {
        "tslib": {
          "version": "2.1.0",
          "resolved": "https://registry.npmjs.org/tslib/-/tslib-2.1.0.tgz",
          "integrity": "sha512-hcVC3wYEziELGGmEEXue7D75zbwIIVUMWAVbHItGPx0ziyXxrOMQx4rQEVEV45Ut/1IotuEvwqPopzIOkDMf0A=="
        }
      }
    },
    "tslib": {
      "version": "1.14.1",
      "resolved": "https://registry.npmjs.org/tslib/-/tslib-1.14.1.tgz",
      "integrity": "sha512-Xni35NKzjgMrwevysHTCArtLDpPvye8zV/0E4EyYn43P7/7qvQwPh9BGkHewbMulVntbigmcT7rdX3BNo9wRJg=="
    }
  }
}
